
Microsoft Visual Studio Solution File, Format Version 12.00
# Visual Studio Version 17
VisualStudioVersion = 17.4.33205.214
MinimumVisualStudioVersion = 10.0.40219.1
Project("{2150E333-8FDC-42A3-9474-1A3956D46DE8}") = "src", "src", "{5953A3DB-472A-4A71-A66A-66A61019A368}"
EndProject
Project("{2150E333-8FDC-42A3-9474-1A3956D46DE8}") = "Web", "Web", "{F36EB377-0497-4132-B46A-F51316C0AAD3}"
EndProject
Project("{2150E333-8FDC-42A3-9474-1A3956D46DE8}") = "MVC", "MVC", "{1E282B6F-55F5-49B8-ADD2-0D3D7657B609}"
EndProject
Project("{2150E333-8FDC-42A3-9474-1A3956D46DE8}") = "Services", "Services", "{90C77D66-9932-45D8-A5CD-AF855EA99962}"
EndProject
Project("{9A19103F-16F7-4668-BE54-9A1E7A4F7556}") = "OEleitor.Domain", "src\services\OEleitor.Domain\OEleitor.Domain\OEleitor.Domain.csproj", "{C3735F9C-BDC5-46D0-AA91-21EA8FB7E360}"
EndProject
Project("{9A19103F-16F7-4668-BE54-9A1E7A4F7556}") = "OEleitor.Application", "src\services\OEleitor.Application\OEleitor.Application.csproj", "{4B14AABF-CD5F-4253-94C5-9060A8874CBD}"
EndProject
Project("{9A19103F-16F7-4668-BE54-9A1E7A4F7556}") = "OEleitor.Infra.IoC", "src\services\OEleitor.Infra.IoC\OEleitor.Infra.IoC.csproj", "{E0697CD1-6400-4CDB-A8DB-72B2EA33D445}"
EndProject
Project("{9A19103F-16F7-4668-BE54-9A1E7A4F7556}") = "OEleitor.API", "src\services\OEleitor.API\OEleitor.API.csproj", "{B57A9FA2-F86B-463A-96F7-C094DE201897}"
EndProject
Project("{9A19103F-16F7-4668-BE54-9A1E7A4F7556}") = "OEleitor.Logs", "src\services\OEleitor.Logs\OEleitor.Logs.csproj", "{B1624F9D-BA25-4D0F-873F-84FA3527A4DA}"
EndProject
Project("{9A19103F-16F7-4668-BE54-9A1E7A4F7556}") = "OEleitor.Infra", "src\services\OEleitor.Infra\OEleitor.Infra.csproj", "{1D78FA83-6A08-4CBF-A6EA-FE2EA002A17F}"
EndProject
Project("{9A19103F-16F7-4668-BE54-9A1E7A4F7556}") = "OEleitor.WebApp.MVC", "src\web\OEleitor.WebApp.MVC\OEleitor.WebApp.MVC.csproj", "{E653512A-BAE4-4855-BE33-722C28EEC645}"
EndProject
Project("{9A19103F-16F7-4668-BE54-9A1E7A4F7556}") = "OEleitor.Infra.CrossCurtting", "src\services\OEleitor.Infra.CrossCurtting\OEleitor.Infra.CrossCurtting.csproj", "{B3D4BF41-ECC0-4E15-B4CD-B865E62C1A2C}"
EndProject
Global
	GlobalSection(SolutionConfigurationPlatforms) = preSolution
		Debug|Any CPU = Debug|Any CPU
		Release|Any CPU = Release|Any CPU
	EndGlobalSection
	GlobalSection(ProjectConfigurationPlatforms) = postSolution
		{C3735F9C-BDC5-46D0-AA91-21EA8FB7E360}.Debug|Any CPU.ActiveCfg = Debug|Any CPU
		{C3735F9C-BDC5-46D0-AA91-21EA8FB7E360}.Debug|Any CPU.Build.0 = Debug|Any CPU
		{C3735F9C-BDC5-46D0-AA91-21EA8FB7E360}.Release|Any CPU.ActiveCfg = Release|Any CPU
		{C3735F9C-BDC5-46D0-AA91-21EA8FB7E360}.Release|Any CPU.Build.0 = Release|Any CPU
		{4B14AABF-CD5F-4253-94C5-9060A8874CBD}.Debug|Any CPU.ActiveCfg = Debug|Any CPU
		{4B14AABF-CD5F-4253-94C5-9060A8874CBD}.Debug|Any CPU.Build.0 = Debug|Any CPU
		{4B14AABF-CD5F-4253-94C5-9060A8874CBD}.Release|Any CPU.ActiveCfg = Release|Any CPU
		{4B14AABF-CD5F-4253-94C5-9060A8874CBD}.Release|Any CPU.Build.0 = Release|Any CPU
		{E0697CD1-6400-4CDB-A8DB-72B2EA33D445}.Debug|Any CPU.ActiveCfg = Debug|Any CPU
		{E0697CD1-6400-4CDB-A8DB-72B2EA33D445}.Debug|Any CPU.Build.0 = Debug|Any CPU
		{E0697CD1-6400-4CDB-A8DB-72B2EA33D445}.Release|Any CPU.ActiveCfg = Release|Any CPU
		{E0697CD1-6400-4CDB-A8DB-72B2EA33D445}.Release|Any CPU.Build.0 = Release|Any CPU
		{B57A9FA2-F86B-463A-96F7-C094DE201897}.Debug|Any CPU.ActiveCfg = Debug|Any CPU
		{B57A9FA2-F86B-463A-96F7-C094DE201897}.Debug|Any CPU.Build.0 = Debug|Any CPU
		{B57A9FA2-F86B-463A-96F7-C094DE201897}.Release|Any CPU.ActiveCfg = Release|Any CPU
		{B57A9FA2-F86B-463A-96F7-C094DE201897}.Release|Any CPU.Build.0 = Release|Any CPU
		{B1624F9D-BA25-4D0F-873F-84FA3527A4DA}.Debug|Any CPU.ActiveCfg = Debug|Any CPU
		{B1624F9D-BA25-4D0F-873F-84FA3527A4DA}.Debug|Any CPU.Build.0 = Debug|Any CPU
		{B1624F9D-BA25-4D0F-873F-84FA3527A4DA}.Release|Any CPU.ActiveCfg = Release|Any CPU
		{B1624F9D-BA25-4D0F-873F-84FA3527A4DA}.Release|Any CPU.Build.0 = Release|Any CPU
		{1D78FA83-6A08-4CBF-A6EA-FE2EA002A17F}.Debug|Any CPU.ActiveCfg = Debug|Any CPU
		{1D78FA83-6A08-4CBF-A6EA-FE2EA002A17F}.Debug|Any CPU.Build.0 = Debug|Any CPU
		{1D78FA83-6A08-4CBF-A6EA-FE2EA002A17F}.Release|Any CPU.ActiveCfg = Release|Any CPU
		{1D78FA83-6A08-4CBF-A6EA-FE2EA002A17F}.Release|Any CPU.Build.0 = Release|Any CPU
		{E653512A-BAE4-4855-BE33-722C28EEC645}.Debug|Any CPU.ActiveCfg = Debug|Any CPU
		{E653512A-BAE4-4855-BE33-722C28EEC645}.Debug|Any CPU.Build.0 = Debug|Any CPU
		{E653512A-BAE4-4855-BE33-722C28EEC645}.Release|Any CPU.ActiveCfg = Release|Any CPU
		{E653512A-BAE4-4855-BE33-722C28EEC645}.Release|Any CPU.Build.0 = Release|Any CPU
		{B3D4BF41-ECC0-4E15-B4CD-B865E62C1A2C}.Debug|Any CPU.ActiveCfg = Debug|Any CPU
		{B3D4BF41-ECC0-4E15-B4CD-B865E62C1A2C}.Debug|Any CPU.Build.0 = Debug|Any CPU
		{B3D4BF41-ECC0-4E15-B4CD-B865E62C1A2C}.Release|Any CPU.ActiveCfg = Release|Any CPU
		{B3D4BF41-ECC0-4E15-B4CD-B865E62C1A2C}.Release|Any CPU.Build.0 = Release|Any CPU
	EndGlobalSection
	GlobalSection(SolutionProperties) = preSolution
		HideSolutionNode = FALSE
	EndGlobalSection
	GlobalSection(NestedProjects) = preSolution
		{F36EB377-0497-4132-B46A-F51316C0AAD3} = {5953A3DB-472A-4A71-A66A-66A61019A368}
		{1E282B6F-55F5-49B8-ADD2-0D3D7657B609} = {F36EB377-0497-4132-B46A-F51316C0AAD3}
		{90C77D66-9932-45D8-A5CD-AF855EA99962} = {5953A3DB-472A-4A71-A66A-66A61019A368}
		{C3735F9C-BDC5-46D0-AA91-21EA8FB7E360} = {90C77D66-9932-45D8-A5CD-AF855EA99962}
		{4B14AABF-CD5F-4253-94C5-9060A8874CBD} = {90C77D66-9932-45D8-A5CD-AF855EA99962}
		{E0697CD1-6400-4CDB-A8DB-72B2EA33D445} = {90C77D66-9932-45D8-A5CD-AF855EA99962}
		{B57A9FA2-F86B-463A-96F7-C094DE201897} = {90C77D66-9932-45D8-A5CD-AF855EA99962}
		{B1624F9D-BA25-4D0F-873F-84FA3527A4DA} = {90C77D66-9932-45D8-A5CD-AF855EA99962}
		{1D78FA83-6A08-4CBF-A6EA-FE2EA002A17F} = {90C77D66-9932-45D8-A5CD-AF855EA99962}
		{E653512A-BAE4-4855-BE33-722C28EEC645} = {1E282B6F-55F5-49B8-ADD2-0D3D7657B609}
		{B3D4BF41-ECC0-4E15-B4CD-B865E62C1A2C} = {90C77D66-9932-45D8-A5CD-AF855EA99962}
	EndGlobalSection
	GlobalSection(ExtensibilityGlobals) = postSolution
		SolutionGuid = {8B7B8C93-0848-4780-8798-BC256FC27390}
	EndGlobalSection
EndGlobal
